// !$*UTF8*$!
{
	archiveVersion = 1;
	classes = {
	};
	objectVersion = 46;
	objects = {

/* Begin PBXBuildFile section */
		09E8A51119F31C13004E712C /* main.m in Sources */ = {isa = PBXBuildFile; fileRef = 09E8A51019F31C13004E712C /* main.m */; };
		09E8A51419F31C13004E712C /* AppDelegate.m in Sources */ = {isa = PBXBuildFile; fileRef = 09E8A51319F31C13004E712C /* AppDelegate.m */; };
		09E8A51719F31C13004E712C /* ViewController.m in Sources */ = {isa = PBXBuildFile; fileRef = 09E8A51619F31C13004E712C /* ViewController.m */; };
		09E8A51A19F31C13004E712C /* Main.storyboard in Resources */ = {isa = PBXBuildFile; fileRef = 09E8A51819F31C13004E712C /* Main.storyboard */; };
		09E8A51C19F31C13004E712C /* Images.xcassets in Resources */ = {isa = PBXBuildFile; fileRef = 09E8A51B19F31C13004E712C /* Images.xcassets */; };
		09E8A51F19F31C13004E712C /* LaunchScreen.xib in Resources */ = {isa = PBXBuildFile; fileRef = 09E8A51D19F31C13004E712C /* LaunchScreen.xib */; };
		09E8A52B19F31C14004E712C /* AlertControllerTestTests.m in Sources */ = {isa = PBXBuildFile; fileRef = 09E8A52A19F31C14004E712C /* AlertControllerTestTests.m */; };
/* End PBXBuildFile section */

/* Begin PBXContainerItemProxy section */
		09E8A52519F31C14004E712C /* PBXContainerItemProxy */ = {
			isa = PBXContainerItemProxy;
			containerPortal = 09E8A50319F31C13004E712C /* Project object */;
			proxyType = 1;
			remoteGlobalIDString = 09E8A50A19F31C13004E712C;
			remoteInfo = AlertControllerTest;
		};
/* End PBXContainerItemProxy section */

/* Begin PBXFileReference section */
		09E8A50B19F31C13004E712C /* AlertControllerTest.app */ = {isa = PBXFileReference; explicitFileType = wrapper.application; includeInIndex = 0; path = AlertControllerTest.app; sourceTree = BUILT_PRODUCTS_DIR; };
		09E8A50F19F31C13004E712C /* Info.plist */ = {isa = PBXFileReference; lastKnownFileType = text.plist.xml; path = Info.plist; sourceTree = "<group>"; };
		09E8A51019F31C13004E712C /* main.m */ = {isa = PBXFileReference; lastKnownFileType = sourcecode.c.objc; path = main.m; sourceTree = "<group>"; };
		09E8A51219F31C13004E712C /* AppDelegate.h */ = {isa = PBXFileReference; lastKnownFileType = sourcecode.c.h; path = AppDelegate.h; sourceTree = "<group>"; };
		09E8A51319F31C13004E712C /* AppDelegate.m */ = {isa = PBXFileReference; lastKnownFileType = sourcecode.c.objc; path = AppDelegate.m; sourceTree = "<group>"; };
		09E8A51519F31C13004E712C /* ViewController.h */ = {isa = PBXFileReference; lastKnownFileType = sourcecode.c.h; path = ViewController.h; sourceTree = "<group>"; };
		09E8A51619F31C13004E712C /* ViewController.m */ = {isa = PBXFileReference; lastKnownFileType = sourcecode.c.objc; path = ViewController.m; sourceTree = "<group>"; };
		09E8A51919F31C13004E712C /* Base */ = {isa = PBXFileReference; lastKnownFileType = file.storyboard; name = Base; path = Base.lproj/Main.storyboard; sourceTree = "<group>"; };
		09E8A51B19F31C13004E712C /* Images.xcassets */ = {isa = PBXFileReference; lastKnownFileType = folder.assetcatalog; path = Images.xcassets; sourceTree = "<group>"; };
		09E8A51E19F31C13004E712C /* Base */ = {isa = PBXFileReference; lastKnownFileType = file.xib; name = Base; path = Base.lproj/LaunchScreen.xib; sourceTree = "<group>"; };
		09E8A52419F31C14004E712C /* AlertControllerTestTests.xctest */ = {isa = PBXFileReference; explicitFileType = wrapper.cfbundle; includeInIndex = 0; path = AlertControllerTestTests.xctest; sourceTree = BUILT_PRODUCTS_DIR; };
		09E8A52919F31C14004E712C /* Info.plist */ = {isa = PBXFileReference; lastKnownFileType = text.plist.xml; path = Info.plist; sourceTree = "<group>"; };
		09E8A52A19F31C14004E712C /* AlertControllerTestTests.m */ = {isa = PBXFileReference; lastKnownFileType = sourcecode.c.objc; path = AlertControllerTestTests.m; sourceTree = "<group>"; };
/* End PBXFileReference section */

/* Begin PBXFrameworksBuildPhase section */
		09E8A50819F31C13004E712C /* Frameworks */ = {
			isa = PBXFrameworksBuildPhase;
			buildActionMask = 2147483647;
			files = (
			);
			runOnlyForDeploymentPostprocessing = 0;
		};
		09E8A52119F31C14004E712C /* Frameworks */ = {
			isa = PBXFrameworksBuildPhase;
			buildActionMask = 2147483647;
			files = (
			);
			runOnlyForDeploymentPostprocessing = 0;
		};
/* End PBXFrameworksBuildPhase section */

/* Begin PBXGroup section */
		09E8A50219F31C13004E712C = {
			isa = PBXGroup;
			children = (
				09E8A50D19F31C13004E712C /* AlertControllerTest */,
				09E8A52719F31C14004E712C /* AlertControllerTestTests */,
				09E8A50C19F31C13004E712C /* Products */,
			);
			sourceTree = "<group>";
		};
		09E8A50C19F31C13004E712C /* Products */ = {
			isa = PBXGroup;
			children = (
				09E8A50B19F31C13004E712C /* AlertControllerTest.app */,
				09E8A52419F31C14004E712C /* AlertControllerTestTests.xctest */,
			);
			name = Products;
			sourceTree = "<group>";
		};
		09E8A50D19F31C13004E712C /* AlertControllerTest */ = {
			isa = PBXGroup;
			children = (
				09E8A51219F31C13004E712C /* AppDelegate.h */,
				09E8A51319F31C13004E712C /* AppDelegate.m */,
				09E8A51519F31C13004E712C /* ViewController.h */,
				09E8A51619F31C13004E712C /* ViewController.m */,
				09E8A51819F31C13004E712C /* Main.storyboard */,
				09E8A51B19F31C13004E712C /* Images.xcassets */,
				09E8A51D19F31C13004E712C /* LaunchScreen.xib */,
				09E8A50E19F31C13004E712C /* Supporting Files */,
			);
			path = AlertControllerTest;
			sourceTree = "<group>";
		};
		09E8A50E19F31C13004E712C /* Supporting Files */ = {
			isa = PBXGroup;
			children = (
				09E8A50F19F31C13004E712C /* Info.plist */,
				09E8A51019F31C13004E712C /* main.m */,
			);
			name = "Supporting Files";
			sourceTree = "<group>";
		};
		09E8A52719F31C14004E712C /* AlertControllerTestTests */ = {
			isa = PBXGroup;
			children = (
				09E8A52A19F31C14004E712C /* AlertControllerTestTests.m */,
				09E8A52819F31C14004E712C /* Supporting Files */,
			);
			path = AlertControllerTestTests;
			sourceTree = "<group>";
		};
		09E8A52819F31C14004E712C /* Supporting Files */ = {
			isa = PBXGroup;
			children = (
				09E8A52919F31C14004E712C /* Info.plist */,
			);
			name = "Supporting Files";
			sourceTree = "<group>";
		};
/* End PBXGroup section */

/* Begin PBXNativeTarget section */
		09E8A50A19F31C13004E712C /* AlertControllerTest */ = {
			isa = PBXNativeTarget;
			buildConfigurationList = 09E8A52E19F31C14004E712C /* Build configuration list for PBXNativeTarget "AlertControllerTest" */;
			buildPhases = (
				09E8A50719F31C13004E712C /* Sources */,
				09E8A50819F31C13004E712C /* Frameworks */,
				09E8A50919F31C13004E712C /* Resources */,
			);
			buildRules = (
			);
			dependencies = (
			);
			name = AlertControllerTest;
			productName = AlertControllerTest;
			productReference = 09E8A50B19F31C13004E712C /* AlertControllerTest.app */;
			productType = "com.apple.product-type.application";
		};
		09E8A52319F31C14004E712C /* AlertControllerTestTests */ = {
			isa = PBXNativeTarget;
			buildConfigurationList = 09E8A53119F31C14004E712C /* Build configuration list for PBXNativeTarget "AlertControllerTestTests" */;
			buildPhases = (
				09E8A52019F31C14004E712C /* Sources */,
				09E8A52119F31C14004E712C /* Frameworks */,
				09E8A52219F31C14004E712C /* Resources */,
			);
			buildRules = (
			);
			dependencies = (
				09E8A52619F31C14004E712C /* PBXTargetDependency */,
			);
			name = AlertControllerTestTests;
			productName = AlertControllerTestTests;
			productReference = 09E8A52419F31C14004E712C /* AlertControllerTestTests.xctest */;
			productType = "com.apple.product-type.bundle.unit-test";
		};
/* End PBXNativeTarget section */

/* Begin PBXProject section */
		09E8A50319F31C13004E712C /* Project object */ = {
			isa = PBXProject;
			attributes = {
				LastUpgradeCheck = 0600;
				ORGANIZATIONNAME = "Blade Chapman";
				TargetAttributes = {
					09E8A50A19F31C13004E712C = {
						CreatedOnToolsVersion = 6.0.1;
					};
					09E8A52319F31C14004E712C = {
						CreatedOnToolsVersion = 6.0.1;
						TestTargetID = 09E8A50A19F31C13004E712C;
					};
				};
			};
			buildConfigurationList = 09E8A50619F31C13004E712C /* Build configuration list for PBXProject "AlertControllerTest" */;
			compatibilityVersion = "Xcode 3.2";
			developmentRegion = English;
			hasScannedForEncodings = 0;
			knownRegions = (
				en,
				Base,
			);
			mainGroup = 09E8A50219F31C13004E712C;
			productRefGroup = 09E8A50C19F31C13004E712C /* Products */;
			projectDirPath = "";
			projectRoot = "";
			targets = (
				09E8A50A19F31C13004E712C /* AlertControllerTest */,
				09E8A52319F31C14004E712C /* AlertControllerTestTests */,
			);
		};
/* End PBXProject section */

/* Begin PBXResourcesBuildPhase section */
		09E8A50919F31C13004E712C /* Resources */ = {
			isa = PBXResourcesBuildPhase;
			buildActionMask = 2147483647;
			files = (
				09E8A51A19F31C13004E712C /* Main.storyboard in Resources */,
				09E8A51F19F31C13004E712C /* LaunchScreen.xib in Resources */,
				09E8A51C19F31C13004E712C /* Images.xcassets in Resources */,
			);
			runOnlyForDeploymentPostprocessing = 0;
		};
		09E8A52219F31C14004E712C /* Resources */ = {
			isa = PBXResourcesBuildPhase;
			buildActionMask = 2147483647;
			files = (
			);
			runOnlyForDeploymentPostprocessing = 0;
		};
/* End PBXResourcesBuildPhase section */

/* Begin PBXSourcesBuildPhase section */
		09E8A50719F31C13004E712C /* Sources */ = {
			isa = PBXSourcesBuildPhase;
			buildActionMask = 2147483647;
			files = (
				09E8A51719F31C13004E712C /* ViewController.m in Sources */,
				09E8A51419F31C13004E712C /* AppDelegate.m in Sources */,
				09E8A51119F31C13004E712C /* main.m in Sources */,
			);
			runOnlyForDeploymentPostprocessing = 0;
		};
		09E8A52019F31C14004E712C /* Sources */ = {
			isa = PBXSourcesBuildPhase;
			buildActionMask = 2147483647;
			files = (
				09E8A52B19F31C14004E712C /* AlertControllerTestTests.m in Sources */,
			);
			runOnlyForDeploymentPostprocessing = 0;
		};
/* End PBXSourcesBuildPhase section */

/* Begin PBXTargetDependency section */
		09E8A52619F31C14004E712C /* PBXTargetDependency */ = {
			isa = PBXTargetDependency;
			target = 09E8A50A19F31C13004E712C /* AlertControllerTest */;
			targetProxy = 09E8A52519F31C14004E712C /* PBXContainerItemProxy */;
		};
/* End PBXTargetDependency section */

/* Begin PBXVariantGroup section */
		09E8A51819F31C13004E712C /* Main.storyboard */ = {
			isa = PBXVariantGroup;
			children = (
				09E8A51919F31C13004E712C /* Base */,
			);
			name = Main.storyboard;
			sourceTree = "<group>";
		};
		09E8A51D19F31C13004E712C /* LaunchScreen.xib */ = {
			isa = PBXVariantGroup;
			children = (
				09E8A51E19F31C13004E712C /* Base */,
			);
			name = LaunchScreen.xib;
			sourceTree = "<group>";
		};
/* End PBXVariantGroup section */

/* Begin XCBuildConfiguration section */
		09E8A52C19F31C14004E712C /* Debug */ = {
			isa = XCBuildConfiguration;
			buildSettings = {
				ALWAYS_SEARCH_USER_PATHS = NO;
				CLANG_CXX_LANGUAGE_STANDARD = "gnu++0x";
				CLANG_CXX_LIBRARY = "libc++";
				CLANG_ENABLE_MODULES = YES;
				CLANG_ENABLE_OBJC_ARC = YES;
				CLANG_WARN_BOOL_CONVERSION = YES;
				CLANG_WARN_CONSTANT_CONVERSION = YES;
				CLANG_WARN_DIRECT_OBJC_ISA_USAGE = YES_ERROR;
				CLANG_WARN_EMPTY_BODY = YES;
				CLANG_WARN_ENUM_CONVERSION = YES;
				CLANG_WARN_INT_CONVERSION = YES;
				CLANG_WARN_OBJC_ROOT_CLASS = YES_ERROR;
				CLANG_WARN_UNREACHABLE_CODE = YES;
				CLANG_WARN__DUPLICATE_METHOD_MATCH = YES;
				"CODE_SIGN_IDENTITY[sdk=iphoneos*]" = "iPhone Developer";
				COPY_PHASE_STRIP = NO;
				ENABLE_STRICT_OBJC_MSGSEND = YES;
				GCC_C_LANGUAGE_STANDARD = gnu99;
				GCC_DYNAMIC_NO_PIC = NO;
				GCC_OPTIMIZATION_LEVEL = 0;
				GCC_PREPROCESSOR_DEFINITIONS = (
					"DEBUG=1",
					"$(inherited)",
				);
				GCC_SYMBOLS_PRIVATE_EXTERN = NO;
				GCC_WARN_64_TO_32_BIT_CONVERSION = YES;
				GCC_WARN_ABOUT_RETURN_TYPE = YES_ERROR;
				GCC_WARN_UNDECLARED_SELECTOR = YES;
				GCC_WARN_UNINITIALIZED_AUTOS = YES_AGGRESSIVE;
				GCC_WARN_UNUSED_FUNCTION = YES;
				GCC_WARN_UNUSED_VARIABLE = YES;
				IPHONEOS_DEPLOYMENT_TARGET = 8.0;
				MTL_ENABLE_DEBUG_INFO = YES;
				ONLY_ACTIVE_ARCH = YES;
				SDKROOT = iphoneos;
				TARGETED_DEVICE_FAMILY = "1,2";
			};
			name = Debug;
		};
		09E8A52D19F31C14004E712C /* Release */ = {
			isa = XCBuildConfiguration;
			buildSettings = {
				ALWAYS_SEARCH_USER_PATHS = NO;
				CLANG_CXX_LANGUAGE_STANDARD = "gnu++0x";
				CLANG_CXX_LIBRARY = "libc++";
				CLANG_ENABLE_MODULES = YES;
				CLANG_ENABLE_OBJC_ARC = YES;
				CLANG_WARN_BOOL_CONVERSION = YES;
				CLANG_WARN_CONSTANT_CONVERSION = YES;
				CLANG_WARN_DIRECT_OBJC_ISA_USAGE = YES_ERROR;
				CLANG_WARN_EMPTY_BODY = YES;
				CLANG_WARN_ENUM_CONVERSION = YES;
				CLANG_WARN_INT_CONVERSION = YES;
				CLANG_WARN_OBJC_ROOT_CLASS = YES_ERROR;
				CLANG_WARN_UNREACHABLE_CODE = YES;
				CLANG_WARN__DUPLICATE_METHOD_MATCH = YES;
				"CODE_SIGN_IDENTITY[sdk=iphoneos*]" = "iPhone Developer";
				COPY_PHASE_STRIP = YES;
				ENABLE_NS_ASSERTIONS = NO;
				ENABLE_STRICT_OBJC_MSGSEND = YES;
				GCC_C_LANGUAGE_STANDARD = gnu99;
				GCC_WARN_64_TO_32_BIT_CONVERSION = YES;
				GCC_WARN_ABOUT_RETURN_TYPE = YES_ERROR;
				GCC_WARN_UNDECLARED_SELECTOR = YES;
				GCC_WARN_UNINITIALIZED_AUTOS = YES_AGGRESSIVE;
				GCC_WARN_UNUSED_FUNCTION = YES;
				GCC_WARN_UNUSED_VARIABLE = YES;
				IPHONEOS_DEPLOYMENT_TARGET = 8.0;
				MTL_ENABLE_DEBUG_INFO = NO;
				SDKROOT = iphoneos;
				TARGETED_DEVICE_FAMILY = "1,2";
				VALIDATE_PRODUCT = YES;
			};
			name = Release;
		};
		09E8A52F19F31C14004E712C /* Debug */ = {
			isa = XCBuildConfiguration;
			buildSettings = {
				ASSETCATALOG_COMPILER_APPICON_NAME = AppIcon;
				INFOPLIST_FILE = AlertControllerTest/Info.plist;
				LD_RUNPATH_SEARCH_PATHS = "$(inherited) @executable_path/Frameworks";
				PRODUCT_NAME = "$(TARGET_NAME)";
			};
			name = Debug;
		};
		09E8A53019F31C14004E712C /* Release */ = {
			isa = XCBuildConfiguration;
			buildSettings = {
				ASSETCATALOG_COMPILER_APPICON_NAME = AppIcon;
				INFOPLIST_FILE = AlertControllerTest/Info.plist;
				LD_RUNPATH_SEARCH_PATHS = "$(inherited) @executable_path/Frameworks";
				PRODUCT_NAME = "$(TARGET_NAME)";
			};
			name = Release;
		};
		09E8A53219F31C14004E712C /* Debug */ = {
			isa = XCBuildConfiguration;
			buildSettings = {
				BUNDLE_LOADER = "$(TEST_HOST)";
				FRAMEWORK_SEARCH_PATHS = (
					"$(SDKROOT)/Developer/Library/Frameworks",
					"$(inherited)",
				);
				GCC_PREPROCESSOR_DEFINITIONS = (
					"DEBUG=1",
					"$(inherited)",
				);
				INFOPLIST_FILE = AlertControllerTestTests/Info.plist;
				LD_RUNPATH_SEARCH_PATHS = "$(inherited) @executable_path/Frameworks @loader_path/Frameworks";
				PRODUCT_NAME = "$(TARGET_NAME)";
				TEST_HOST = "$(BUILT_PRODUCTS_DIR)/AlertControllerTest.app/AlertControllerTest";
			};
			name = Debug;
		};
		09E8A53319F31C14004E712C /* Release */ = {
			isa = XCBuildConfiguration;
			buildSettings = {
				BUNDLE_LOADER = "$(TEST_HOST)";
				FRAMEWORK_SEARCH_PATHS = (
					"$(SDKROOT)/Developer/Library/Frameworks",
					"$(inherited)",
				);
				INFOPLIST_FILE = AlertControllerTestTests/Info.plist;
				LD_RUNPATH_SEARCH_PATHS = "$(inherited) @executable_path/Frameworks @loader_path/Frameworks";
				PRODUCT_NAME = "$(TARGET_NAME)";
				TEST_HOST = "$(BUILT_PRODUCTS_DIR)/AlertControllerTest.app/AlertControllerTest";
			};
			name = Release;
		};
/* End XCBuildConfiguration section */

/* Begin XCConfigurationList section */
		09E8A50619F31C13004E712C /* Build configuration list for PBXProject "AlertControllerTest" */ = {
			isa = XCConfigurationList;
			buildConfigurations = (
				09E8A52C19F31C14004E712C /* Debug */,
				09E8A52D19F31C14004E712C /* Release */,
			);
			defaultConfigurationIsVisible = 0;
			defaultConfigurationName = Release;
		};
		09E8A52E19F31C14004E712C /* Build configuration list for PBXNativeTarget "AlertControllerTest" */ = {
			isa = XCConfigurationList;
			buildConfigurations = (
				09E8A52F19F31C14004E712C /* Debug */,
				09E8A53019F31C14004E712C /* Release */,
			);
			defaultConfigurationIsVisible = 0;
		};
		09E8A53119F31C14004E712C /* Build configuration list for PBXNativeTarget "AlertControllerTestTests" */ = {
			isa = XCConfigurationList;
			buildConfigurations = (
				09E8A53219F31C14004E712C /* Debug */,
				09E8A53319F31C14004E712C /* Release */,
			);
			defaultConfigurationIsVisible = 0;
		};
/* End XCConfigurationList section */
	};
	rootObject = 09E8A50319F31C13004E712C /* Project object */;
}
